<?xml version="1.0" encoding="utf-8"?>
<Project ToolsVersion="4.0" xmlns="http://schemas.microsoft.com/developer/msbuild/2003">
  <ItemGroup>
    <CudaCompile Include="kernel.cu" />
  </ItemGroup>
  <ItemGroup>
    <ClCompile Include="MovieResources\Movie.cpp">
      <Filter>MovieResources</Filter>
    </ClCompile>
    <ClCompile Include="MovieResources\filereader.cpp">
      <Filter>MovieResources</Filter>
    </ClCompile>
    <ClCompile Include="UserResources\MovieRating.cpp">
      <Filter>UserResources</Filter>
    </ClCompile>
    <ClCompile Include="UserResources\User.cpp">
      <Filter>UserResources</Filter>
    </ClCompile>
    <ClCompile Include="UserResources\UserTableReader.cpp">
      <Filter>UserResources</Filter>
    </ClCompile>
    <ClCompile Include="CUDABackground.cpp" />
  </ItemGroup>
  <ItemGroup>
    <ClInclude Include="MovieResources\Movie.h">
      <Filter>MovieResources</Filter>
    </ClInclude>
    <ClInclude Include="MovieResources\filereader.h">
      <Filter>MovieResources</Filter>
    </ClInclude>
    <ClInclude Include="UserResources\MovieRating.h">
      <Filter>UserResources</Filter>
    </ClInclude>
    <ClInclude Include="UserResources\User.h">
      <Filter>UserResources</Filter>
    </ClInclude>
    <ClInclude Include="UserResources\UserTableReader.h">
      <Filter>UserResources</Filter>
    </ClInclude>
    <ClInclude Include="CUDABackground.h" />
  </ItemGroup>
  <ItemGroup>
    <Filter Include="Data">
      <UniqueIdentifier>{76106e35-e503-4f47-8004-c77fe9768f00}</UniqueIdentifier>
    </Filter>
    <Filter Include="MovieResources">
      <UniqueIdentifier>{62ef7d93-ab55-46fd-85c9-30d75af07aad}</UniqueIdentifier>
    </Filter>
    <Filter Include="UserResources">
      <UniqueIdentifier>{f4d8dab3-d33b-4a85-971f-ca4cc0d30709}</UniqueIdentifier>
    </Filter>
  </ItemGroup>
  <ItemGroup>
    <None Include="Data\movies.csv">
      <Filter>Data</Filter>
    </None>
    <None Include="Data\ratings.csv">
      <Filter>Data</Filter>
    </None>
  </ItemGroup>
  <ItemGroup>
    <Text Include="Data\data.txt">
      <Filter>Data</Filter>
    </Text>
  </ItemGroup>
</Project>